{
  "name": "simple-mock-server",
  "version": "1.0.0",
  "lockfileVersion": 2,
  "requires": true,
  "packages": {
    "": {
      "version": "1.0.0",
      "license": "ISC",
      "dependencies": {
        "faker": "^5.5.3",
        "moment": "^2.29.1"
      }
    },
    "node_modules/faker": {
      "version": "5.5.3",
      "resolved": "https://registry.npmjs.org/faker/-/faker-5.5.3.tgz",
      "integrity": "sha512-wLTv2a28wjUyWkbnX7u/ABZBkUkIF2fCd73V6P2oFqEGEktDfzWx4UxrSqtPRw0xPRAcjeAOIiJWqZm3pP4u3g=="
    },
    "node_modules/moment": {
      "version": "2.29.1",
      "resolved": "https://registry.npmjs.org/moment/-/moment-2.29.1.tgz",
      "integrity": "sha512-kHmoybcPV8Sqy59DwNDY3Jefr64lK/by/da0ViFcuA4DH0vQg5Q6Ze5VimxkfQNSC+Mls/Kx53s7TjP1RhFEDQ==",
      "engines": {
        "node": "*"
      }
    }
  },
  "dependencies": {
    "faker": {
      "version": "5.5.3",
      "resolved": "https://registry.npmjs.org/faker/-/faker-5.5.3.tgz",
      "integrity": "sha512-wLTv2a28wjUyWkbnX7u/ABZBkUkIF2fCd73V6P2oFqEGEktDfzWx4UxrSqtPRw0xPRAcjeAOIiJWqZm3pP4u3g=="
    },
    "moment": {
      "version": "2.29.1",
      "resolved": "https://registry.npmjs.org/moment/-/moment-2.29.1.tgz",
      "integrity": "sha512-kHmoybcPV8Sqy59DwNDY3Jefr64lK/by/da0ViFcuA4DH0vQg5Q6Ze5VimxkfQNSC+Mls/Kx53s7TjP1RhFEDQ=="
    }
  }
}
